
Microsoft Visual Studio Solution File, Format Version 12.00
# Visual Studio Version 17
VisualStudioVersion = 17.0.31717.71
MinimumVisualStudioVersion = 10.0.40219.1
Project("{9A19103F-16F7-4668-BE54-9A1E7A4F7556}") = "Fexdev.I18NextTool", "Fexdev.I18NextTool\Fexdev.I18NextTool.csproj", "{D355653D-3302-416D-A8F9-A869604CEB99}"
EndProject
Project("{2150E333-8FDC-42A3-9474-1A3956D46DE8}") = "Tests", "Tests", "{B4935763-7CF7-43EB-B394-1347D40D3F96}"
EndProject
Project("{FAE04EC0-301F-11D3-BF4B-00C04F79EFBC}") = "Fexdev.I18NextTool.IntegrationTests.cs", "..\Fexdev.I18NextTool.IntegrationTests.cs\Fexdev.I18NextTool.IntegrationTests.cs.csproj", "{46F7D7AE-D065-4586-9F05-AFA7F0E211D6}"
EndProject
Global
	GlobalSection(SolutionConfigurationPlatforms) = preSolution
		Debug|Any CPU = Debug|Any CPU
		Release|Any CPU = Release|Any CPU
	EndGlobalSection
	GlobalSection(ProjectConfigurationPlatforms) = postSolution
		{D355653D-3302-416D-A8F9-A869604CEB99}.Debug|Any CPU.ActiveCfg = Debug|Any CPU
		{D355653D-3302-416D-A8F9-A869604CEB99}.Debug|Any CPU.Build.0 = Debug|Any CPU
		{D355653D-3302-416D-A8F9-A869604CEB99}.Release|Any CPU.ActiveCfg = Release|Any CPU
		{D355653D-3302-416D-A8F9-A869604CEB99}.Release|Any CPU.Build.0 = Release|Any CPU
		{46F7D7AE-D065-4586-9F05-AFA7F0E211D6}.Debug|Any CPU.ActiveCfg = Debug|Any CPU
		{46F7D7AE-D065-4586-9F05-AFA7F0E211D6}.Debug|Any CPU.Build.0 = Debug|Any CPU
		{46F7D7AE-D065-4586-9F05-AFA7F0E211D6}.Release|Any CPU.ActiveCfg = Release|Any CPU
		{46F7D7AE-D065-4586-9F05-AFA7F0E211D6}.Release|Any CPU.Build.0 = Release|Any CPU
	EndGlobalSection
	GlobalSection(SolutionProperties) = preSolution
		HideSolutionNode = FALSE
	EndGlobalSection
	GlobalSection(NestedProjects) = preSolution
		{46F7D7AE-D065-4586-9F05-AFA7F0E211D6} = {B4935763-7CF7-43EB-B394-1347D40D3F96}
	EndGlobalSection
	GlobalSection(ExtensibilityGlobals) = postSolution
		SolutionGuid = {697CF9C8-9013-44C7-9F64-AE623AA5B28B}
	EndGlobalSection
EndGlobal
